
Microsoft Visual Studio Solution File, Format Version 12.00
# Visual Studio Version 17
VisualStudioVersion = 17.4.33213.308
MinimumVisualStudioVersion = 10.0.40219.1
Project("{9A19103F-16F7-4668-BE54-9A1E7A4F7556}") = "PadelAppointments", "PadelAppointments\PadelAppointments.csproj", "{B2AB8946-DE93-4EDB-A347-48ECE3AF7DAB}"
EndProject
Global
	GlobalSection(SolutionConfigurationPlatforms) = preSolution
		Debug|Any CPU = Debug|Any CPU
		Release|Any CPU = Release|Any CPU
	EndGlobalSection
	GlobalSection(ProjectConfigurationPlatforms) = postSolution
		{B2AB8946-DE93-4EDB-A347-48ECE3AF7DAB}.Debug|Any CPU.ActiveCfg = Debug|Any CPU
		{B2AB8946-DE93-4EDB-A347-48ECE3AF7DAB}.Debug|Any CPU.Build.0 = Debug|Any CPU
		{B2AB8946-DE93-4EDB-A347-48ECE3AF7DAB}.Release|Any CPU.ActiveCfg = Release|Any CPU
		{B2AB8946-DE93-4EDB-A347-48ECE3AF7DAB}.Release|Any CPU.Build.0 = Release|Any CPU
	EndGlobalSection
	GlobalSection(SolutionProperties) = preSolution
		HideSolutionNode = FALSE
	EndGlobalSection
	GlobalSection(ExtensibilityGlobals) = postSolution
		SolutionGuid = {0CA394B0-BDFD-4832-8D04-6F69D3FAC927}
	EndGlobalSection
EndGlobal
